
Microsoft Visual Studio Solution File, Format Version 12.00
# Visual Studio Version 17
VisualStudioVersion = 17.4.33015.44
MinimumVisualStudioVersion = 10.0.40219.1
Project("{9A19103F-16F7-4668-BE54-9A1E7A4F7556}") = "Baskets.Core", "src\Baskets\Baskets.Core\Baskets.Core.csproj", "{2AF5DDC3-75A2-41CF-BB26-CE6EEF42A117}"
EndProject
Project("{9A19103F-16F7-4668-BE54-9A1E7A4F7556}") = "Baskets.Contracts", "src\Baskets\Baskets.Contracts\Baskets.Contracts.csproj", "{4DDB74BB-8173-4BE8-B891-C04CDC727603}"
EndProject
Project("{2150E333-8FDC-42A3-9474-1A3956D46DE8}") = "Baskets", "Baskets", "{959393F6-FF89-490B-889E-D2F24B2DF605}"
EndProject
Project("{2150E333-8FDC-42A3-9474-1A3956D46DE8}") = "Shops", "Shops", "{2DDCE09B-DF46-4875-99DF-6AC246BF2B99}"
EndProject
Project("{2150E333-8FDC-42A3-9474-1A3956D46DE8}") = "Products", "Products", "{51E807A8-E7D2-4349-B5C2-EB780D82641A}"
EndProject
Project("{9A19103F-16F7-4668-BE54-9A1E7A4F7556}") = "Shops.Core", "src\Shops\Shops.Core\Shops.Core.csproj", "{FDA44412-BC78-4DE3-851B-1B1F4A02FF3F}"
EndProject
Project("{9A19103F-16F7-4668-BE54-9A1E7A4F7556}") = "Shops.Contracts", "src\Shops\Shops.Contracts\Shops.Contracts.csproj", "{48CB628E-4D69-4F6D-B533-A5C11F5E8E65}"
EndProject
Project("{9A19103F-16F7-4668-BE54-9A1E7A4F7556}") = "Products.Contracts", "src\Products\Products.Contracts\Products.Contracts.csproj", "{29B589AC-707B-4C53-9E88-F22888311229}"
EndProject
Project("{9A19103F-16F7-4668-BE54-9A1E7A4F7556}") = "Products.Core", "src\Products\Products.Core\Products.Core.csproj", "{D8778F33-AEFD-4F9F-AE08-14BF1B13B503}"
EndProject
Project("{2150E333-8FDC-42A3-9474-1A3956D46DE8}") = "Shared", "Shared", "{DC323AE4-1C76-4AEB-BD0E-139B47A5F4ED}"
EndProject
Project("{9A19103F-16F7-4668-BE54-9A1E7A4F7556}") = "Shared.Abstraction", "src\Shared\Shared.Abstraction\Shared.Abstraction.csproj", "{757B8F60-561B-4E7F-9AA7-D1537452FFD0}"
EndProject
Project("{9A19103F-16F7-4668-BE54-9A1E7A4F7556}") = "Shared", "src\Shared\Shared\Shared.csproj", "{F086A490-C28A-4DF9-A05E-8D765CF0FD62}"
EndProject
Project("{9A19103F-16F7-4668-BE54-9A1E7A4F7556}") = "API", "src\API\API.csproj", "{F8ED371D-A8D2-43C0-9526-2B5B1026E120}"
EndProject
Project("{9A19103F-16F7-4668-BE54-9A1E7A4F7556}") = "Worker", "src\Worker\Worker.csproj", "{13FCD77B-95D7-4FC2-AD7F-FC557C89E08D}"
EndProject
Project("{2150E333-8FDC-42A3-9474-1A3956D46DE8}") = "tests", "tests", "{E795DE89-913A-4B75-B579-45FFB612EE53}"
EndProject
Project("{9A19103F-16F7-4668-BE54-9A1E7A4F7556}") = "Baskets.UnitTests", "tests\Baskets\Baskets.UnitTests\Baskets.UnitTests.csproj", "{4BE58296-F624-4C03-A9D2-1E5D3061000E}"
EndProject
Project("{2150E333-8FDC-42A3-9474-1A3956D46DE8}") = "Users", "Users", "{DAB96D2A-A8E0-419A-A030-A39596BC9F96}"
EndProject
Project("{9A19103F-16F7-4668-BE54-9A1E7A4F7556}") = "Users.Core", "src\Users\Users.Core\Users.Core.csproj", "{705137AC-A585-4DA0-80E1-A6AEDA0A8B78}"
EndProject
Project("{9A19103F-16F7-4668-BE54-9A1E7A4F7556}") = "Users.Contracts", "src\Users\Users.Contracts\Users.Contracts.csproj", "{9EFBA892-DA33-4E8B-BE43-06C2CD184732}"
EndProject
Project("{2150E333-8FDC-42A3-9474-1A3956D46DE8}") = "src", "src", "{4257692D-0F78-4D5D-9B1D-5F7D28DB58CB}"
EndProject
Project("{2150E333-8FDC-42A3-9474-1A3956D46DE8}") = "Baskets", "Baskets", "{A55FBF25-CB11-4671-8CF4-76816B19A882}"
EndProject
Project("{2150E333-8FDC-42A3-9474-1A3956D46DE8}") = "Users", "Users", "{F3EB15AF-4432-40B1-8B20-D3B257D1411E}"
EndProject
Project("{2150E333-8FDC-42A3-9474-1A3956D46DE8}") = "Products", "Products", "{E59C08BA-D7AE-4726-ACED-270B35104447}"
EndProject
Project("{2150E333-8FDC-42A3-9474-1A3956D46DE8}") = "Shops", "Shops", "{159E4352-BDA2-41BA-81FA-D722BDC200E5}"
EndProject
Project("{9A19103F-16F7-4668-BE54-9A1E7A4F7556}") = "Baskets.IntegrationTests", "tests\Baskets\Baskets.IntegrationTests\Baskets.IntegrationTests.csproj", "{0A86368E-D354-4998-8590-943EADEF867A}"
EndProject
Project("{9A19103F-16F7-4668-BE54-9A1E7A4F7556}") = "Products.IntegrationTests", "tests\Products\Products.IntegrationTests\Products.IntegrationTests.csproj", "{B65B2EA2-E5DD-4A6A-894A-79B16961B50E}"
EndProject
Project("{9A19103F-16F7-4668-BE54-9A1E7A4F7556}") = "Shops.IntegrationTests", "tests\Shops\Shops.IntegrationTests\Shops.IntegrationTests.csproj", "{32B71E08-83CC-485E-9C2C-B49D078EE8B1}"
EndProject
Project("{9A19103F-16F7-4668-BE54-9A1E7A4F7556}") = "Users.IntegrationTests", "tests\Users\Users.IntegrationTests\Users.IntegrationTests.csproj", "{492E6B88-37F2-4752-A146-C37B8B3B2C8F}"
EndProject
Project("{9A19103F-16F7-4668-BE54-9A1E7A4F7556}") = "Products.UnitTests", "tests\Products\Products.UnitTests\Products.UnitTests.csproj", "{9B368812-B9E0-4B34-B532-AC90B95D1CBF}"
EndProject
Project("{9A19103F-16F7-4668-BE54-9A1E7A4F7556}") = "Shops.UnitTests", "tests\Shops\Shops.UnitTests\Shops.UnitTests.csproj", "{5F1ACEEE-21C2-4F25-AC1E-B7FE4C5BF2D9}"
EndProject
Project("{9A19103F-16F7-4668-BE54-9A1E7A4F7556}") = "Users.UnitTests", "tests\Users\Users.UnitTests\Users.UnitTests.csproj", "{90BAF73D-97DE-4308-894D-4CFBC8546043}"
EndProject
Project("{2150E333-8FDC-42A3-9474-1A3956D46DE8}") = "requests", "requests", "{02241B0B-8C92-40C1-A3AC-F7AC27EDD788}"
	ProjectSection(SolutionItems) = preProject
		requests\brands.http = requests\brands.http
		requests\users.http = requests\users.http
	EndProjectSection
EndProject
Project("{2150E333-8FDC-42A3-9474-1A3956D46DE8}") = "Notifications", "Notifications", "{C3809CC7-0AF9-4D56-B1AB-EA0E098B0ECF}"
EndProject
Project("{9A19103F-16F7-4668-BE54-9A1E7A4F7556}") = "Notifications", "src\Notifications\Notifications\Notifications.csproj", "{7F1E1F0D-2006-42D0-8AC0-72E40FD709B6}"
EndProject
Project("{2150E333-8FDC-42A3-9474-1A3956D46DE8}") = "Shared", "Shared", "{E62041C7-7CED-415E-A320-4EB555D3223D}"
EndProject
Project("{FAE04EC0-301F-11D3-BF4B-00C04F79EFBC}") = "Shared", "tests\Shared\Shared.csproj", "{3778177C-5D1B-413E-8313-BAEFBE5B45AB}"
EndProject
Project("{2150E333-8FDC-42A3-9474-1A3956D46DE8}") = ".github", ".github", "{14E66D11-0904-45B8-A763-63C945FC16F9}"
	ProjectSection(SolutionItems) = preProject
		.github\ISSUE_TEMPLATE\feature_request.md = .github\ISSUE_TEMPLATE\feature_request.md
		.github\ISSUE_TEMPLATE\bug_report.md = .github\ISSUE_TEMPLATE\bug_report.md
		.github\workflows\dotnet.yml = .github\workflows\dotnet.yml
		.github\workflows\codeql-analysis.yml = .github\workflows\codeql-analysis.yml
		.github\dependabot.yml = .github\dependabot.yml
	EndProjectSection
EndProject
Project("{2150E333-8FDC-42A3-9474-1A3956D46DE8}") = "solution files", "solution files", "{B17174CD-F9C6-45DF-A724-B51B4F8F9EAA}"
	ProjectSection(SolutionItems) = preProject
		global.json = global.json
		LICENSE = LICENSE
		README.md = README.md
		.editorconfig = .editorconfig
		.gitignore = .gitignore
	EndProjectSection
EndProject
Project("{2150E333-8FDC-42A3-9474-1A3956D46DE8}") = "tools", "tools", "{1BC8D1AA-5A74-4E1C-B171-9CF53758AE86}"
EndProject
Project("{2150E333-8FDC-42A3-9474-1A3956D46DE8}") = "terraform", "terraform", "{02396B41-F62C-4CC3-8B8F-B2400BBDD7FC}"
EndProject
Project("{2150E333-8FDC-42A3-9474-1A3956D46DE8}") = "ef", "ef", "{87FB98F9-9E91-456B-B941-FCB767C4B73F}"
	ProjectSection(SolutionItems) = preProject
		tools\ef\updateDb.sh = tools\ef\updateDb.sh
		tools\ef\migration.sh = tools\ef\migration.sh
		tools\ef\tests-migration.sh = tools\ef\tests-migration.sh
	EndProjectSection
EndProject
Project("{2150E333-8FDC-42A3-9474-1A3956D46DE8}") = "docker", "docker", "{AEE0D06A-2A95-4CB9-AEF8-16DB05EE14F4}"
	ProjectSection(SolutionItems) = preProject
		tools\docker\docker-compose.yml = tools\docker\docker-compose.yml
		tools\docker\docker-compose-tests.yml = tools\docker\docker-compose-tests.yml
	EndProjectSection
EndProject
Project("{2150E333-8FDC-42A3-9474-1A3956D46DE8}") = "modules", "modules", "{0DC74329-B279-4FE2-940C-D7224162ED46}"
EndProject
Project("{2150E333-8FDC-42A3-9474-1A3956D46DE8}") = "dev", "dev", "{E407196F-7F11-4DF7-838B-A380543A9D58}"
	ProjectSection(SolutionItems) = preProject
		tools\terraform\dev\main.tf = tools\terraform\dev\main.tf
		tools\terraform\dev\terraform.tfvars = tools\terraform\dev\terraform.tfvars
	EndProjectSection
EndProject
Project("{2150E333-8FDC-42A3-9474-1A3956D46DE8}") = "prod", "prod", "{9BBCD2B1-7BF6-41DE-AE93-067DCD4343E7}"
	ProjectSection(SolutionItems) = preProject
		tools\terraform\prod\main.tf = tools\terraform\prod\main.tf
		tools\terraform\prod\terraform.tfvars = tools\terraform\prod\terraform.tfvars
	EndProjectSection
EndProject
Project("{2150E333-8FDC-42A3-9474-1A3956D46DE8}") = "test", "test", "{15F3218D-6C08-49D5-A7A7-D61FA1280565}"
	ProjectSection(SolutionItems) = preProject
		tools\terraform\test\main.tf = tools\terraform\test\main.tf
		tools\terraform\test\terraform.tfvars = tools\terraform\test\terraform.tfvars
	EndProjectSection
EndProject
Project("{2150E333-8FDC-42A3-9474-1A3956D46DE8}") = "web-api", "web-api", "{6FA4FE98-D7C9-42AD-BBBF-0B4B2383733F}"
	ProjectSection(SolutionItems) = preProject
		tools\terraform\modules\web-api\main.tf = tools\terraform\modules\web-api\main.tf
		tools\terraform\modules\web-api\variables.tf = tools\terraform\modules\web-api\variables.tf
	EndProjectSection
EndProject
Project("{2150E333-8FDC-42A3-9474-1A3956D46DE8}") = "global", "global", "{F0E45EE2-0DD1-4810-B2E7-45CEE54F22AB}"
	ProjectSection(SolutionItems) = preProject
		tools\terraform\global\main.tf = tools\terraform\global\main.tf
		tools\terraform\global\terraform.tfvars = tools\terraform\global\terraform.tfvars
	EndProjectSection
EndProject
Global
	GlobalSection(SolutionConfigurationPlatforms) = preSolution
		Debug|Any CPU = Debug|Any CPU
		Release|Any CPU = Release|Any CPU
	EndGlobalSection
	GlobalSection(ProjectConfigurationPlatforms) = postSolution
		{2AF5DDC3-75A2-41CF-BB26-CE6EEF42A117}.Debug|Any CPU.ActiveCfg = Debug|Any CPU
		{2AF5DDC3-75A2-41CF-BB26-CE6EEF42A117}.Debug|Any CPU.Build.0 = Debug|Any CPU
		{2AF5DDC3-75A2-41CF-BB26-CE6EEF42A117}.Release|Any CPU.ActiveCfg = Release|Any CPU
		{2AF5DDC3-75A2-41CF-BB26-CE6EEF42A117}.Release|Any CPU.Build.0 = Release|Any CPU
		{4DDB74BB-8173-4BE8-B891-C04CDC727603}.Debug|Any CPU.ActiveCfg = Debug|Any CPU
		{4DDB74BB-8173-4BE8-B891-C04CDC727603}.Debug|Any CPU.Build.0 = Debug|Any CPU
		{4DDB74BB-8173-4BE8-B891-C04CDC727603}.Release|Any CPU.ActiveCfg = Release|Any CPU
		{4DDB74BB-8173-4BE8-B891-C04CDC727603}.Release|Any CPU.Build.0 = Release|Any CPU
		{FDA44412-BC78-4DE3-851B-1B1F4A02FF3F}.Debug|Any CPU.ActiveCfg = Debug|Any CPU
		{FDA44412-BC78-4DE3-851B-1B1F4A02FF3F}.Debug|Any CPU.Build.0 = Debug|Any CPU
		{FDA44412-BC78-4DE3-851B-1B1F4A02FF3F}.Release|Any CPU.ActiveCfg = Release|Any CPU
		{FDA44412-BC78-4DE3-851B-1B1F4A02FF3F}.Release|Any CPU.Build.0 = Release|Any CPU
		{48CB628E-4D69-4F6D-B533-A5C11F5E8E65}.Debug|Any CPU.ActiveCfg = Debug|Any CPU
		{48CB628E-4D69-4F6D-B533-A5C11F5E8E65}.Debug|Any CPU.Build.0 = Debug|Any CPU
		{48CB628E-4D69-4F6D-B533-A5C11F5E8E65}.Release|Any CPU.ActiveCfg = Release|Any CPU
		{48CB628E-4D69-4F6D-B533-A5C11F5E8E65}.Release|Any CPU.Build.0 = Release|Any CPU
		{29B589AC-707B-4C53-9E88-F22888311229}.Debug|Any CPU.ActiveCfg = Debug|Any CPU
		{29B589AC-707B-4C53-9E88-F22888311229}.Debug|Any CPU.Build.0 = Debug|Any CPU
		{29B589AC-707B-4C53-9E88-F22888311229}.Release|Any CPU.ActiveCfg = Release|Any CPU
		{29B589AC-707B-4C53-9E88-F22888311229}.Release|Any CPU.Build.0 = Release|Any CPU
		{D8778F33-AEFD-4F9F-AE08-14BF1B13B503}.Debug|Any CPU.ActiveCfg = Debug|Any CPU
		{D8778F33-AEFD-4F9F-AE08-14BF1B13B503}.Debug|Any CPU.Build.0 = Debug|Any CPU
		{D8778F33-AEFD-4F9F-AE08-14BF1B13B503}.Release|Any CPU.ActiveCfg = Release|Any CPU
		{D8778F33-AEFD-4F9F-AE08-14BF1B13B503}.Release|Any CPU.Build.0 = Release|Any CPU
		{757B8F60-561B-4E7F-9AA7-D1537452FFD0}.Debug|Any CPU.ActiveCfg = Debug|Any CPU
		{757B8F60-561B-4E7F-9AA7-D1537452FFD0}.Debug|Any CPU.Build.0 = Debug|Any CPU
		{757B8F60-561B-4E7F-9AA7-D1537452FFD0}.Release|Any CPU.ActiveCfg = Release|Any CPU
		{757B8F60-561B-4E7F-9AA7-D1537452FFD0}.Release|Any CPU.Build.0 = Release|Any CPU
		{F086A490-C28A-4DF9-A05E-8D765CF0FD62}.Debug|Any CPU.ActiveCfg = Debug|Any CPU
		{F086A490-C28A-4DF9-A05E-8D765CF0FD62}.Debug|Any CPU.Build.0 = Debug|Any CPU
		{F086A490-C28A-4DF9-A05E-8D765CF0FD62}.Release|Any CPU.ActiveCfg = Release|Any CPU
		{F086A490-C28A-4DF9-A05E-8D765CF0FD62}.Release|Any CPU.Build.0 = Release|Any CPU
		{F8ED371D-A8D2-43C0-9526-2B5B1026E120}.Debug|Any CPU.ActiveCfg = Debug|Any CPU
		{F8ED371D-A8D2-43C0-9526-2B5B1026E120}.Debug|Any CPU.Build.0 = Debug|Any CPU
		{F8ED371D-A8D2-43C0-9526-2B5B1026E120}.Release|Any CPU.ActiveCfg = Release|Any CPU
		{F8ED371D-A8D2-43C0-9526-2B5B1026E120}.Release|Any CPU.Build.0 = Release|Any CPU
		{13FCD77B-95D7-4FC2-AD7F-FC557C89E08D}.Debug|Any CPU.ActiveCfg = Debug|Any CPU
		{13FCD77B-95D7-4FC2-AD7F-FC557C89E08D}.Debug|Any CPU.Build.0 = Debug|Any CPU
		{13FCD77B-95D7-4FC2-AD7F-FC557C89E08D}.Release|Any CPU.ActiveCfg = Release|Any CPU
		{13FCD77B-95D7-4FC2-AD7F-FC557C89E08D}.Release|Any CPU.Build.0 = Release|Any CPU
		{4BE58296-F624-4C03-A9D2-1E5D3061000E}.Debug|Any CPU.ActiveCfg = Debug|Any CPU
		{4BE58296-F624-4C03-A9D2-1E5D3061000E}.Debug|Any CPU.Build.0 = Debug|Any CPU
		{4BE58296-F624-4C03-A9D2-1E5D3061000E}.Release|Any CPU.ActiveCfg = Release|Any CPU
		{4BE58296-F624-4C03-A9D2-1E5D3061000E}.Release|Any CPU.Build.0 = Release|Any CPU
		{705137AC-A585-4DA0-80E1-A6AEDA0A8B78}.Debug|Any CPU.ActiveCfg = Debug|Any CPU
		{705137AC-A585-4DA0-80E1-A6AEDA0A8B78}.Debug|Any CPU.Build.0 = Debug|Any CPU
		{705137AC-A585-4DA0-80E1-A6AEDA0A8B78}.Release|Any CPU.ActiveCfg = Release|Any CPU
		{705137AC-A585-4DA0-80E1-A6AEDA0A8B78}.Release|Any CPU.Build.0 = Release|Any CPU
		{9EFBA892-DA33-4E8B-BE43-06C2CD184732}.Debug|Any CPU.ActiveCfg = Debug|Any CPU
		{9EFBA892-DA33-4E8B-BE43-06C2CD184732}.Debug|Any CPU.Build.0 = Debug|Any CPU
		{9EFBA892-DA33-4E8B-BE43-06C2CD184732}.Release|Any CPU.ActiveCfg = Release|Any CPU
		{9EFBA892-DA33-4E8B-BE43-06C2CD184732}.Release|Any CPU.Build.0 = Release|Any CPU
		{0A86368E-D354-4998-8590-943EADEF867A}.Debug|Any CPU.ActiveCfg = Debug|Any CPU
		{0A86368E-D354-4998-8590-943EADEF867A}.Debug|Any CPU.Build.0 = Debug|Any CPU
		{0A86368E-D354-4998-8590-943EADEF867A}.Release|Any CPU.ActiveCfg = Release|Any CPU
		{0A86368E-D354-4998-8590-943EADEF867A}.Release|Any CPU.Build.0 = Release|Any CPU
		{B65B2EA2-E5DD-4A6A-894A-79B16961B50E}.Debug|Any CPU.ActiveCfg = Debug|Any CPU
		{B65B2EA2-E5DD-4A6A-894A-79B16961B50E}.Debug|Any CPU.Build.0 = Debug|Any CPU
		{B65B2EA2-E5DD-4A6A-894A-79B16961B50E}.Release|Any CPU.ActiveCfg = Release|Any CPU
		{B65B2EA2-E5DD-4A6A-894A-79B16961B50E}.Release|Any CPU.Build.0 = Release|Any CPU
		{32B71E08-83CC-485E-9C2C-B49D078EE8B1}.Debug|Any CPU.ActiveCfg = Debug|Any CPU
		{32B71E08-83CC-485E-9C2C-B49D078EE8B1}.Debug|Any CPU.Build.0 = Debug|Any CPU
		{32B71E08-83CC-485E-9C2C-B49D078EE8B1}.Release|Any CPU.ActiveCfg = Release|Any CPU
		{32B71E08-83CC-485E-9C2C-B49D078EE8B1}.Release|Any CPU.Build.0 = Release|Any CPU
		{492E6B88-37F2-4752-A146-C37B8B3B2C8F}.Debug|Any CPU.ActiveCfg = Debug|Any CPU
		{492E6B88-37F2-4752-A146-C37B8B3B2C8F}.Debug|Any CPU.Build.0 = Debug|Any CPU
		{492E6B88-37F2-4752-A146-C37B8B3B2C8F}.Release|Any CPU.ActiveCfg = Release|Any CPU
		{492E6B88-37F2-4752-A146-C37B8B3B2C8F}.Release|Any CPU.Build.0 = Release|Any CPU
		{9B368812-B9E0-4B34-B532-AC90B95D1CBF}.Debug|Any CPU.ActiveCfg = Debug|Any CPU
		{9B368812-B9E0-4B34-B532-AC90B95D1CBF}.Debug|Any CPU.Build.0 = Debug|Any CPU
		{9B368812-B9E0-4B34-B532-AC90B95D1CBF}.Release|Any CPU.ActiveCfg = Release|Any CPU
		{9B368812-B9E0-4B34-B532-AC90B95D1CBF}.Release|Any CPU.Build.0 = Release|Any CPU
		{5F1ACEEE-21C2-4F25-AC1E-B7FE4C5BF2D9}.Debug|Any CPU.ActiveCfg = Debug|Any CPU
		{5F1ACEEE-21C2-4F25-AC1E-B7FE4C5BF2D9}.Debug|Any CPU.Build.0 = Debug|Any CPU
		{5F1ACEEE-21C2-4F25-AC1E-B7FE4C5BF2D9}.Release|Any CPU.ActiveCfg = Release|Any CPU
		{5F1ACEEE-21C2-4F25-AC1E-B7FE4C5BF2D9}.Release|Any CPU.Build.0 = Release|Any CPU
		{90BAF73D-97DE-4308-894D-4CFBC8546043}.Debug|Any CPU.ActiveCfg = Debug|Any CPU
		{90BAF73D-97DE-4308-894D-4CFBC8546043}.Debug|Any CPU.Build.0 = Debug|Any CPU
		{90BAF73D-97DE-4308-894D-4CFBC8546043}.Release|Any CPU.ActiveCfg = Release|Any CPU
		{90BAF73D-97DE-4308-894D-4CFBC8546043}.Release|Any CPU.Build.0 = Release|Any CPU
		{7F1E1F0D-2006-42D0-8AC0-72E40FD709B6}.Debug|Any CPU.ActiveCfg = Debug|Any CPU
		{7F1E1F0D-2006-42D0-8AC0-72E40FD709B6}.Debug|Any CPU.Build.0 = Debug|Any CPU
		{7F1E1F0D-2006-42D0-8AC0-72E40FD709B6}.Release|Any CPU.ActiveCfg = Release|Any CPU
		{7F1E1F0D-2006-42D0-8AC0-72E40FD709B6}.Release|Any CPU.Build.0 = Release|Any CPU
		{3778177C-5D1B-413E-8313-BAEFBE5B45AB}.Debug|Any CPU.ActiveCfg = Debug|Any CPU
		{3778177C-5D1B-413E-8313-BAEFBE5B45AB}.Debug|Any CPU.Build.0 = Debug|Any CPU
		{3778177C-5D1B-413E-8313-BAEFBE5B45AB}.Release|Any CPU.ActiveCfg = Release|Any CPU
		{3778177C-5D1B-413E-8313-BAEFBE5B45AB}.Release|Any CPU.Build.0 = Release|Any CPU
	EndGlobalSection
	GlobalSection(SolutionProperties) = preSolution
		HideSolutionNode = FALSE
	EndGlobalSection
	GlobalSection(NestedProjects) = preSolution
		{2AF5DDC3-75A2-41CF-BB26-CE6EEF42A117} = {959393F6-FF89-490B-889E-D2F24B2DF605}
		{4DDB74BB-8173-4BE8-B891-C04CDC727603} = {959393F6-FF89-490B-889E-D2F24B2DF605}
		{959393F6-FF89-490B-889E-D2F24B2DF605} = {4257692D-0F78-4D5D-9B1D-5F7D28DB58CB}
		{2DDCE09B-DF46-4875-99DF-6AC246BF2B99} = {4257692D-0F78-4D5D-9B1D-5F7D28DB58CB}
		{51E807A8-E7D2-4349-B5C2-EB780D82641A} = {4257692D-0F78-4D5D-9B1D-5F7D28DB58CB}
		{FDA44412-BC78-4DE3-851B-1B1F4A02FF3F} = {2DDCE09B-DF46-4875-99DF-6AC246BF2B99}
		{48CB628E-4D69-4F6D-B533-A5C11F5E8E65} = {2DDCE09B-DF46-4875-99DF-6AC246BF2B99}
		{29B589AC-707B-4C53-9E88-F22888311229} = {51E807A8-E7D2-4349-B5C2-EB780D82641A}
		{D8778F33-AEFD-4F9F-AE08-14BF1B13B503} = {51E807A8-E7D2-4349-B5C2-EB780D82641A}
		{DC323AE4-1C76-4AEB-BD0E-139B47A5F4ED} = {4257692D-0F78-4D5D-9B1D-5F7D28DB58CB}
		{757B8F60-561B-4E7F-9AA7-D1537452FFD0} = {DC323AE4-1C76-4AEB-BD0E-139B47A5F4ED}
		{F086A490-C28A-4DF9-A05E-8D765CF0FD62} = {DC323AE4-1C76-4AEB-BD0E-139B47A5F4ED}
		{F8ED371D-A8D2-43C0-9526-2B5B1026E120} = {4257692D-0F78-4D5D-9B1D-5F7D28DB58CB}
		{13FCD77B-95D7-4FC2-AD7F-FC557C89E08D} = {4257692D-0F78-4D5D-9B1D-5F7D28DB58CB}
		{4BE58296-F624-4C03-A9D2-1E5D3061000E} = {A55FBF25-CB11-4671-8CF4-76816B19A882}
		{DAB96D2A-A8E0-419A-A030-A39596BC9F96} = {4257692D-0F78-4D5D-9B1D-5F7D28DB58CB}
		{705137AC-A585-4DA0-80E1-A6AEDA0A8B78} = {DAB96D2A-A8E0-419A-A030-A39596BC9F96}
		{9EFBA892-DA33-4E8B-BE43-06C2CD184732} = {DAB96D2A-A8E0-419A-A030-A39596BC9F96}
		{A55FBF25-CB11-4671-8CF4-76816B19A882} = {E795DE89-913A-4B75-B579-45FFB612EE53}
		{F3EB15AF-4432-40B1-8B20-D3B257D1411E} = {E795DE89-913A-4B75-B579-45FFB612EE53}
		{E59C08BA-D7AE-4726-ACED-270B35104447} = {E795DE89-913A-4B75-B579-45FFB612EE53}
		{159E4352-BDA2-41BA-81FA-D722BDC200E5} = {E795DE89-913A-4B75-B579-45FFB612EE53}
		{0A86368E-D354-4998-8590-943EADEF867A} = {A55FBF25-CB11-4671-8CF4-76816B19A882}
		{B65B2EA2-E5DD-4A6A-894A-79B16961B50E} = {E59C08BA-D7AE-4726-ACED-270B35104447}
		{32B71E08-83CC-485E-9C2C-B49D078EE8B1} = {159E4352-BDA2-41BA-81FA-D722BDC200E5}
		{492E6B88-37F2-4752-A146-C37B8B3B2C8F} = {F3EB15AF-4432-40B1-8B20-D3B257D1411E}
		{9B368812-B9E0-4B34-B532-AC90B95D1CBF} = {E59C08BA-D7AE-4726-ACED-270B35104447}
		{5F1ACEEE-21C2-4F25-AC1E-B7FE4C5BF2D9} = {159E4352-BDA2-41BA-81FA-D722BDC200E5}
		{90BAF73D-97DE-4308-894D-4CFBC8546043} = {F3EB15AF-4432-40B1-8B20-D3B257D1411E}
		{C3809CC7-0AF9-4D56-B1AB-EA0E098B0ECF} = {4257692D-0F78-4D5D-9B1D-5F7D28DB58CB}
		{7F1E1F0D-2006-42D0-8AC0-72E40FD709B6} = {C3809CC7-0AF9-4D56-B1AB-EA0E098B0ECF}
		{E62041C7-7CED-415E-A320-4EB555D3223D} = {E795DE89-913A-4B75-B579-45FFB612EE53}
		{3778177C-5D1B-413E-8313-BAEFBE5B45AB} = {E62041C7-7CED-415E-A320-4EB555D3223D}
		{02396B41-F62C-4CC3-8B8F-B2400BBDD7FC} = {1BC8D1AA-5A74-4E1C-B171-9CF53758AE86}
		{87FB98F9-9E91-456B-B941-FCB767C4B73F} = {1BC8D1AA-5A74-4E1C-B171-9CF53758AE86}
		{AEE0D06A-2A95-4CB9-AEF8-16DB05EE14F4} = {1BC8D1AA-5A74-4E1C-B171-9CF53758AE86}
		{0DC74329-B279-4FE2-940C-D7224162ED46} = {02396B41-F62C-4CC3-8B8F-B2400BBDD7FC}
		{E407196F-7F11-4DF7-838B-A380543A9D58} = {02396B41-F62C-4CC3-8B8F-B2400BBDD7FC}
		{9BBCD2B1-7BF6-41DE-AE93-067DCD4343E7} = {02396B41-F62C-4CC3-8B8F-B2400BBDD7FC}
		{15F3218D-6C08-49D5-A7A7-D61FA1280565} = {02396B41-F62C-4CC3-8B8F-B2400BBDD7FC}
		{6FA4FE98-D7C9-42AD-BBBF-0B4B2383733F} = {0DC74329-B279-4FE2-940C-D7224162ED46}
		{F0E45EE2-0DD1-4810-B2E7-45CEE54F22AB} = {02396B41-F62C-4CC3-8B8F-B2400BBDD7FC}
	EndGlobalSection
	GlobalSection(ExtensibilityGlobals) = postSolution
		SolutionGuid = {F83A5637-BD21-4AAC-9087-87AB61B4E0A8}
	EndGlobalSection
EndGlobal
